
Microsoft Visual Studio Solution File, Format Version 12.00
Project("{FAE04EC0-301F-11D3-BF4B-00C04F79EFBC}") = "SimpleSystem", "SimpleSystem\SimpleSystem.csproj", "{E6FFDCF0-CA2A-4AB8-B0A0-0A0B26677B35}"
EndProject
Project("{FAE04EC0-301F-11D3-BF4B-00C04F79EFBC}") = "SimpleSystemTest", "SimpleSystemTest\SimpleSystemTest.csproj", "{950E946C-5C1C-40AC-A5E3-90EECE5B03D2}"
EndProject
Global
	GlobalSection(SolutionConfigurationPlatforms) = preSolution
		Debug|Any CPU = Debug|Any CPU
		Release|Any CPU = Release|Any CPU
	EndGlobalSection
	GlobalSection(ProjectConfigurationPlatforms) = postSolution
		{E6FFDCF0-CA2A-4AB8-B0A0-0A0B26677B35}.Debug|Any CPU.ActiveCfg = Debug|Any CPU
		{E6FFDCF0-CA2A-4AB8-B0A0-0A0B26677B35}.Debug|Any CPU.Build.0 = Debug|Any CPU
		{E6FFDCF0-CA2A-4AB8-B0A0-0A0B26677B35}.Release|Any CPU.ActiveCfg = Release|Any CPU
		{E6FFDCF0-CA2A-4AB8-B0A0-0A0B26677B35}.Release|Any CPU.Build.0 = Release|Any CPU
		{950E946C-5C1C-40AC-A5E3-90EECE5B03D2}.Debug|Any CPU.ActiveCfg = Debug|Any CPU
		{950E946C-5C1C-40AC-A5E3-90EECE5B03D2}.Debug|Any CPU.Build.0 = Debug|Any CPU
		{950E946C-5C1C-40AC-A5E3-90EECE5B03D2}.Release|Any CPU.ActiveCfg = Release|Any CPU
		{950E946C-5C1C-40AC-A5E3-90EECE5B03D2}.Release|Any CPU.Build.0 = Release|Any CPU
	EndGlobalSection
EndGlobal
